// !$*UTF8*$!
{
	archiveVersion = 1;
	classes = {
	};
	objectVersion = 51;
	objects = {

/* Begin PBXBuildFile section */
		1A6E1345A5A9F8A4C9519A2F /* amplifyconfiguration.json in Resources */ = {isa = PBXBuildFile; fileRef = 8DB6665CD693404AD7535B66 /* amplifyconfiguration.json */; };
		DB7F036E674D7F20AE6DCDF0 /* Pods_schedule_day.framework in Frameworks */ = {isa = PBXBuildFile; fileRef = 174BF8428007F69941BA471E /* Pods_schedule_day.framework */; };
		F0F4C476134EC13ECD50B61C /* awsconfiguration.json in Resources */ = {isa = PBXBuildFile; fileRef = 7C26E22F623036C74AB86691 /* awsconfiguration.json */; };
		FC3F53CC269FB9FB00B995A6 /* schedule_dayApp.swift in Sources */ = {isa = PBXBuildFile; fileRef = FC3F53CB269FB9FB00B995A6 /* schedule_dayApp.swift */; };
		FC3F53CE269FB9FB00B995A6 /* ContentView.swift in Sources */ = {isa = PBXBuildFile; fileRef = FC3F53CD269FB9FB00B995A6 /* ContentView.swift */; };
		FC3F53D0269FB9FD00B995A6 /* Assets.xcassets in Resources */ = {isa = PBXBuildFile; fileRef = FC3F53CF269FB9FD00B995A6 /* Assets.xcassets */; };
		FC3F53D3269FB9FD00B995A6 /* Preview Assets.xcassets in Resources */ = {isa = PBXBuildFile; fileRef = FC3F53D2269FB9FD00B995A6 /* Preview Assets.xcassets */; };
		FC985718269FC02D007A83FC /* awsconfiguration.json in Resources */ = {isa = PBXBuildFile; fileRef = FC985716269FC02D007A83FC /* awsconfiguration.json */; };
		FC985719269FC02D007A83FC /* amplifyconfiguration.json in Resources */ = {isa = PBXBuildFile; fileRef = FC985717269FC02D007A83FC /* amplifyconfiguration.json */; };
		FC98571E26A47979007A83FC /* SignInViewController.swift in Sources */ = {isa = PBXBuildFile; fileRef = FC98571D26A47979007A83FC /* SignInViewController.swift */; };
		FC98572326A48AA7007A83FC /* SignUpViewController.swift in Sources */ = {isa = PBXBuildFile; fileRef = FC98572226A48AA7007A83FC /* SignUpViewController.swift */; };
/* End PBXBuildFile section */

/* Begin PBXFileReference section */
		174BF8428007F69941BA471E /* Pods_schedule_day.framework */ = {isa = PBXFileReference; explicitFileType = wrapper.framework; includeInIndex = 0; path = Pods_schedule_day.framework; sourceTree = BUILT_PRODUCTS_DIR; };
		7C26E22F623036C74AB86691 /* awsconfiguration.json */ = {isa = PBXFileReference; explicitFileType = text.json; path = awsconfiguration.json; sourceTree = "<group>"; };
		8DB6665CD693404AD7535B66 /* amplifyconfiguration.json */ = {isa = PBXFileReference; explicitFileType = text.json; path = amplifyconfiguration.json; sourceTree = "<group>"; };
		D62BF1C0662134BD5EE44B70 /* Pods-schedule_day.debug.xcconfig */ = {isa = PBXFileReference; includeInIndex = 1; lastKnownFileType = text.xcconfig; name = "Pods-schedule_day.debug.xcconfig"; path = "Target Support Files/Pods-schedule_day/Pods-schedule_day.debug.xcconfig"; sourceTree = "<group>"; };
		F7DEC1441225A0A332C59954 /* Pods-schedule_day.release.xcconfig */ = {isa = PBXFileReference; includeInIndex = 1; lastKnownFileType = text.xcconfig; name = "Pods-schedule_day.release.xcconfig"; path = "Target Support Files/Pods-schedule_day/Pods-schedule_day.release.xcconfig"; sourceTree = "<group>"; };
		FC3F53C8269FB9FB00B995A6 /* schedule_day.app */ = {isa = PBXFileReference; explicitFileType = wrapper.application; includeInIndex = 0; path = schedule_day.app; sourceTree = BUILT_PRODUCTS_DIR; };
		FC3F53CB269FB9FB00B995A6 /* schedule_dayApp.swift */ = {isa = PBXFileReference; lastKnownFileType = sourcecode.swift; path = schedule_dayApp.swift; sourceTree = "<group>"; };
		FC3F53CD269FB9FB00B995A6 /* ContentView.swift */ = {isa = PBXFileReference; lastKnownFileType = sourcecode.swift; path = ContentView.swift; sourceTree = "<group>"; };
		FC3F53CF269FB9FD00B995A6 /* Assets.xcassets */ = {isa = PBXFileReference; lastKnownFileType = folder.assetcatalog; path = Assets.xcassets; sourceTree = "<group>"; };
		FC3F53D2269FB9FD00B995A6 /* Preview Assets.xcassets */ = {isa = PBXFileReference; lastKnownFileType = folder.assetcatalog; path = "Preview Assets.xcassets"; sourceTree = "<group>"; };
		FC3F53D4269FB9FD00B995A6 /* Info.plist */ = {isa = PBXFileReference; lastKnownFileType = text.plist.xml; path = Info.plist; sourceTree = "<group>"; };
		FC985716269FC02D007A83FC /* awsconfiguration.json */ = {isa = PBXFileReference; fileEncoding = 4; lastKnownFileType = text.json; path = awsconfiguration.json; sourceTree = SOURCE_ROOT; };
		FC985717269FC02D007A83FC /* amplifyconfiguration.json */ = {isa = PBXFileReference; fileEncoding = 4; lastKnownFileType = text.json; path = amplifyconfiguration.json; sourceTree = SOURCE_ROOT; };
		FC98571D26A47979007A83FC /* SignInViewController.swift */ = {isa = PBXFileReference; lastKnownFileType = sourcecode.swift; path = SignInViewController.swift; sourceTree = "<group>"; };
		FC98572226A48AA7007A83FC /* SignUpViewController.swift */ = {isa = PBXFileReference; lastKnownFileType = sourcecode.swift; path = SignUpViewController.swift; sourceTree = "<group>"; };
/* End PBXFileReference section */

/* Begin PBXFrameworksBuildPhase section */
		FC3F53C5269FB9FB00B995A6 /* Frameworks */ = {
			isa = PBXFrameworksBuildPhase;
			buildActionMask = 2147483647;
			files = (
				DB7F036E674D7F20AE6DCDF0 /* Pods_schedule_day.framework in Frameworks */,
			);
			runOnlyForDeploymentPostprocessing = 0;
		};
/* End PBXFrameworksBuildPhase section */

/* Begin PBXGroup section */
		048008702CE227592AE8C6BF /* Pods */ = {
			isa = PBXGroup;
			children = (
				D62BF1C0662134BD5EE44B70 /* Pods-schedule_day.debug.xcconfig */,
				F7DEC1441225A0A332C59954 /* Pods-schedule_day.release.xcconfig */,
			);
			path = Pods;
			sourceTree = "<group>";
		};
		46820C53EC7975BA219BA070 /* AmplifyConfig */ = {
			isa = PBXGroup;
			children = (
				7C26E22F623036C74AB86691 /* awsconfiguration.json */,
				8DB6665CD693404AD7535B66 /* amplifyconfiguration.json */,
			);
			name = AmplifyConfig;
			sourceTree = "<group>";
		};
		E25FBFCD596C39B42E30B395 /* Frameworks */ = {
			isa = PBXGroup;
			children = (
				174BF8428007F69941BA471E /* Pods_schedule_day.framework */,
			);
			name = Frameworks;
			sourceTree = "<group>";
		};
		FC3F53BF269FB9FB00B995A6 = {
			isa = PBXGroup;
			children = (
				FC3F53CA269FB9FB00B995A6 /* schedule_day */,
				FC3F53C9269FB9FB00B995A6 /* Products */,
				048008702CE227592AE8C6BF /* Pods */,
				E25FBFCD596C39B42E30B395 /* Frameworks */,
				46820C53EC7975BA219BA070 /* AmplifyConfig */,
			);
			sourceTree = "<group>";
		};
		FC3F53C9269FB9FB00B995A6 /* Products */ = {
			isa = PBXGroup;
			children = (
				FC3F53C8269FB9FB00B995A6 /* schedule_day.app */,
			);
			name = Products;
			sourceTree = "<group>";
		};
		FC3F53CA269FB9FB00B995A6 /* schedule_day */ = {
			isa = PBXGroup;
			children = (
				FC98572126A47995007A83FC /* backend */,
				FC98571C26A47963007A83FC /* ViewControllers */,
				FC985717269FC02D007A83FC /* amplifyconfiguration.json */,
				FC985716269FC02D007A83FC /* awsconfiguration.json */,
				FC3F53DA269FBA1300B995A6 /* assets */,
				FC3F53CB269FB9FB00B995A6 /* schedule_dayApp.swift */,
				FC3F53D4269FB9FD00B995A6 /* Info.plist */,
				FC3F53D1269FB9FD00B995A6 /* Preview Content */,
			);
			path = schedule_day;
			sourceTree = "<group>";
		};
		FC3F53D1269FB9FD00B995A6 /* Preview Content */ = {
			isa = PBXGroup;
			children = (
				FC3F53D2269FB9FD00B995A6 /* Preview Assets.xcassets */,
			);
			path = "Preview Content";
			sourceTree = "<group>";
		};
		FC3F53DA269FBA1300B995A6 /* assets */ = {
			isa = PBXGroup;
			children = (
				FC3F53CF269FB9FD00B995A6 /* Assets.xcassets */,
			);
			path = assets;
			sourceTree = "<group>";
		};
		FC98571C26A47963007A83FC /* ViewControllers */ = {
			isa = PBXGroup;
			children = (
				FC3F53CD269FB9FB00B995A6 /* ContentView.swift */,
				FC98571D26A47979007A83FC /* SignInViewController.swift */,
				FC98572226A48AA7007A83FC /* SignUpViewController.swift */,
			);
			path = ViewControllers;
			sourceTree = "<group>";
		};
		FC98572126A47995007A83FC /* backend */ = {
			isa = PBXGroup;
			children = (
			);
			path = backend;
			sourceTree = "<group>";
		};
/* End PBXGroup section */

/* Begin PBXNativeTarget section */
		FC3F53C7269FB9FB00B995A6 /* schedule_day */ = {
			isa = PBXNativeTarget;
			buildConfigurationList = FC3F53D7269FB9FD00B995A6 /* Build configuration list for PBXNativeTarget "schedule_day" */;
			buildPhases = (
				E0CF88498B61EFE3D1478BE5 /* [CP] Check Pods Manifest.lock */,
				FC3F53C4269FB9FB00B995A6 /* Sources */,
				FC3F53C5269FB9FB00B995A6 /* Frameworks */,
				FC3F53C6269FB9FB00B995A6 /* Resources */,
				2B635E18D81EB828707F5745 /* [CP] Embed Pods Frameworks */,
			);
			buildRules = (
			);
			dependencies = (
			);
			name = schedule_day;
			productName = schedule_day;
			productReference = FC3F53C8269FB9FB00B995A6 /* schedule_day.app */;
			productType = "com.apple.product-type.application";
		};
/* End PBXNativeTarget section */

/* Begin PBXProject section */
		FC3F53C0269FB9FB00B995A6 /* Project object */ = {
			isa = PBXProject;
			attributes = {
				LastSwiftUpdateCheck = 1250;
				LastUpgradeCheck = 1250;
				TargetAttributes = {
					FC3F53C7269FB9FB00B995A6 = {
						CreatedOnToolsVersion = 12.5.1;
					};
				};
			};
			buildConfigurationList = FC3F53C3269FB9FB00B995A6 /* Build configuration list for PBXProject "schedule_day" */;
			compatibilityVersion = "Xcode 9.3";
			developmentRegion = en;
			hasScannedForEncodings = 0;
			knownRegions = (
				en,
				Base,
			);
			mainGroup = FC3F53BF269FB9FB00B995A6;
			productRefGroup = FC3F53C9269FB9FB00B995A6 /* Products */;
			projectDirPath = "";
			projectRoot = "";
			targets = (
				FC3F53C7269FB9FB00B995A6 /* schedule_day */,
			);
		};
/* End PBXProject section */

/* Begin PBXResourcesBuildPhase section */
		FC3F53C6269FB9FB00B995A6 /* Resources */ = {
			isa = PBXResourcesBuildPhase;
			buildActionMask = 2147483647;
			files = (
				FC985718269FC02D007A83FC /* awsconfiguration.json in Resources */,
				FC985719269FC02D007A83FC /* amplifyconfiguration.json in Resources */,
				FC3F53D3269FB9FD00B995A6 /* Preview Assets.xcassets in Resources */,
				FC3F53D0269FB9FD00B995A6 /* Assets.xcassets in Resources */,
				F0F4C476134EC13ECD50B61C /* awsconfiguration.json in Resources */,
				1A6E1345A5A9F8A4C9519A2F /* amplifyconfiguration.json in Resources */,
			);
			runOnlyForDeploymentPostprocessing = 0;
		};
/* End PBXResourcesBuildPhase section */

/* Begin PBXShellScriptBuildPhase section */
		2B635E18D81EB828707F5745 /* [CP] Embed Pods Frameworks */ = {
			isa = PBXShellScriptBuildPhase;
			buildActionMask = 2147483647;
			files = (
			);
			inputFileListPaths = (
				"${PODS_ROOT}/Target Support Files/Pods-schedule_day/Pods-schedule_day-frameworks-${CONFIGURATION}-input-files.xcfilelist",
			);
			inputPaths = (
			);
			name = "[CP] Embed Pods Frameworks";
			outputFileListPaths = (
				"${PODS_ROOT}/Target Support Files/Pods-schedule_day/Pods-schedule_day-frameworks-${CONFIGURATION}-output-files.xcfilelist",
			);
			outputPaths = (
			);
			runOnlyForDeploymentPostprocessing = 0;
			shellPath = /bin/sh;
			shellScript = "\"${PODS_ROOT}/Target Support Files/Pods-schedule_day/Pods-schedule_day-frameworks.sh\"\n";
			showEnvVarsInLog = 0;
		};
		E0CF88498B61EFE3D1478BE5 /* [CP] Check Pods Manifest.lock */ = {
			isa = PBXShellScriptBuildPhase;
			buildActionMask = 2147483647;
			files = (
			);
			inputFileListPaths = (
			);
			inputPaths = (
				"${PODS_PODFILE_DIR_PATH}/Podfile.lock",
				"${PODS_ROOT}/Manifest.lock",
			);
			name = "[CP] Check Pods Manifest.lock";
			outputFileListPaths = (
			);
			outputPaths = (
				"$(DERIVED_FILE_DIR)/Pods-schedule_day-checkManifestLockResult.txt",
			);
			runOnlyForDeploymentPostprocessing = 0;
			shellPath = /bin/sh;
			shellScript = "diff \"${PODS_PODFILE_DIR_PATH}/Podfile.lock\" \"${PODS_ROOT}/Manifest.lock\" > /dev/null\nif [ $? != 0 ] ; then\n    # print error to STDERR\n    echo \"error: The sandbox is not in sync with the Podfile.lock. Run 'pod install' or update your CocoaPods installation.\" >&2\n    exit 1\nfi\n# This output is used by Xcode 'outputs' to avoid re-running this script phase.\necho \"SUCCESS\" > \"${SCRIPT_OUTPUT_FILE_0}\"\n";
			showEnvVarsInLog = 0;
		};
/* End PBXShellScriptBuildPhase section */

/* Begin PBXSourcesBuildPhase section */
		FC3F53C4269FB9FB00B995A6 /* Sources */ = {
			isa = PBXSourcesBuildPhase;
			buildActionMask = 2147483647;
			files = (
				FC98571E26A47979007A83FC /* SignInViewController.swift in Sources */,
				FC3F53CE269FB9FB00B995A6 /* ContentView.swift in Sources */,
				FC98572326A48AA7007A83FC /* SignUpViewController.swift in Sources */,
				FC3F53CC269FB9FB00B995A6 /* schedule_dayApp.swift in Sources */,
			);
			runOnlyForDeploymentPostprocessing = 0;
		};
/* End PBXSourcesBuildPhase section */

/* Begin XCBuildConfiguration section */
		FC3F53D5269FB9FD00B995A6 /* Debug */ = {
			isa = XCBuildConfiguration;
			buildSettings = {
				ALWAYS_SEARCH_USER_PATHS = NO;
				CLANG_ANALYZER_NONNULL = YES;
				CLANG_ANALYZER_NUMBER_OBJECT_CONVERSION = YES_AGGRESSIVE;
				CLANG_CXX_LANGUAGE_STANDARD = "gnu++14";
				CLANG_CXX_LIBRARY = "libc++";
				CLANG_ENABLE_MODULES = YES;
				CLANG_ENABLE_OBJC_ARC = YES;
				CLANG_ENABLE_OBJC_WEAK = YES;
				CLANG_WARN_BLOCK_CAPTURE_AUTORELEASING = YES;
				CLANG_WARN_BOOL_CONVERSION = YES;
				CLANG_WARN_COMMA = YES;
				CLANG_WARN_CONSTANT_CONVERSION = YES;
				CLANG_WARN_DEPRECATED_OBJC_IMPLEMENTATIONS = YES;
				CLANG_WARN_DIRECT_OBJC_ISA_USAGE = YES_ERROR;
				CLANG_WARN_DOCUMENTATION_COMMENTS = YES;
				CLANG_WARN_EMPTY_BODY = YES;
				CLANG_WARN_ENUM_CONVERSION = YES;
				CLANG_WARN_INFINITE_RECURSION = YES;
				CLANG_WARN_INT_CONVERSION = YES;
				CLANG_WARN_NON_LITERAL_NULL_CONVERSION = YES;
				CLANG_WARN_OBJC_IMPLICIT_RETAIN_SELF = YES;
				CLANG_WARN_OBJC_LITERAL_CONVERSION = YES;
				CLANG_WARN_OBJC_ROOT_CLASS = YES_ERROR;
				CLANG_WARN_QUOTED_INCLUDE_IN_FRAMEWORK_HEADER = YES;
				CLANG_WARN_RANGE_LOOP_ANALYSIS = YES;
				CLANG_WARN_STRICT_PROTOTYPES = YES;
				CLANG_WARN_SUSPICIOUS_MOVE = YES;
				CLANG_WARN_UNGUARDED_AVAILABILITY = YES_AGGRESSIVE;
				CLANG_WARN_UNREACHABLE_CODE = YES;
				CLANG_WARN__DUPLICATE_METHOD_MATCH = YES;
				COPY_PHASE_STRIP = NO;
				DEBUG_INFORMATION_FORMAT = dwarf;
				ENABLE_STRICT_OBJC_MSGSEND = YES;
				ENABLE_TESTABILITY = YES;
				GCC_C_LANGUAGE_STANDARD = gnu11;
				GCC_DYNAMIC_NO_PIC = NO;
				GCC_NO_COMMON_BLOCKS = YES;
				GCC_OPTIMIZATION_LEVEL = 0;
				GCC_PREPROCESSOR_DEFINITIONS = (
					"DEBUG=1",
					"$(inherited)",
				);
				GCC_WARN_64_TO_32_BIT_CONVERSION = YES;
				GCC_WARN_ABOUT_RETURN_TYPE = YES_ERROR;
				GCC_WARN_UNDECLARED_SELECTOR = YES;
				GCC_WARN_UNINITIALIZED_AUTOS = YES_AGGRESSIVE;
				GCC_WARN_UNUSED_FUNCTION = YES;
				GCC_WARN_UNUSED_VARIABLE = YES;
				IPHONEOS_DEPLOYMENT_TARGET = 14.5;
				MTL_ENABLE_DEBUG_INFO = INCLUDE_SOURCE;
				MTL_FAST_MATH = YES;
				ONLY_ACTIVE_ARCH = YES;
				SDKROOT = iphoneos;
				SWIFT_ACTIVE_COMPILATION_CONDITIONS = DEBUG;
				SWIFT_OPTIMIZATION_LEVEL = "-Onone";
			};
			name = Debug;
		};
		FC3F53D6269FB9FD00B995A6 /* Release */ = {
			isa = XCBuildConfiguration;
			buildSettings = {
				ALWAYS_SEARCH_USER_PATHS = NO;
				CLANG_ANALYZER_NONNULL = YES;
				CLANG_ANALYZER_NUMBER_OBJECT_CONVERSION = YES_AGGRESSIVE;
				CLANG_CXX_LANGUAGE_STANDARD = "gnu++14";
				CLANG_CXX_LIBRARY = "libc++";
				CLANG_ENABLE_MODULES = YES;
				CLANG_ENABLE_OBJC_ARC = YES;
				CLANG_ENABLE_OBJC_WEAK = YES;
				CLANG_WARN_BLOCK_CAPTURE_AUTORELEASING = YES;
				CLANG_WARN_BOOL_CONVERSION = YES;
				CLANG_WARN_COMMA = YES;
				CLANG_WARN_CONSTANT_CONVERSION = YES;
				CLANG_WARN_DEPRECATED_OBJC_IMPLEMENTATIONS = YES;
				CLANG_WARN_DIRECT_OBJC_ISA_USAGE = YES_ERROR;
				CLANG_WARN_DOCUMENTATION_COMMENTS = YES;
				CLANG_WARN_EMPTY_BODY = YES;
				CLANG_WARN_ENUM_CONVERSION = YES;
				CLANG_WARN_INFINITE_RECURSION = YES;
				CLANG_WARN_INT_CONVERSION = YES;
				CLANG_WARN_NON_LITERAL_NULL_CONVERSION = YES;
				CLANG_WARN_OBJC_IMPLICIT_RETAIN_SELF = YES;
				CLANG_WARN_OBJC_LITERAL_CONVERSION = YES;
				CLANG_WARN_OBJC_ROOT_CLASS = YES_ERROR;
				CLANG_WARN_QUOTED_INCLUDE_IN_FRAMEWORK_HEADER = YES;
				CLANG_WARN_RANGE_LOOP_ANALYSIS = YES;
				CLANG_WARN_STRICT_PROTOTYPES = YES;
				CLANG_WARN_SUSPICIOUS_MOVE = YES;
				CLANG_WARN_UNGUARDED_AVAILABILITY = YES_AGGRESSIVE;
				CLANG_WARN_UNREACHABLE_CODE = YES;
				CLANG_WARN__DUPLICATE_METHOD_MATCH = YES;
				COPY_PHASE_STRIP = NO;
				DEBUG_INFORMATION_FORMAT = "dwarf-with-dsym";
				ENABLE_NS_ASSERTIONS = NO;
				ENABLE_STRICT_OBJC_MSGSEND = YES;
				GCC_C_LANGUAGE_STANDARD = gnu11;
				GCC_NO_COMMON_BLOCKS = YES;
				GCC_WARN_64_TO_32_BIT_CONVERSION = YES;
				GCC_WARN_ABOUT_RETURN_TYPE = YES_ERROR;
				GCC_WARN_UNDECLARED_SELECTOR = YES;
				GCC_WARN_UNINITIALIZED_AUTOS = YES_AGGRESSIVE;
				GCC_WARN_UNUSED_FUNCTION = YES;
				GCC_WARN_UNUSED_VARIABLE = YES;
				IPHONEOS_DEPLOYMENT_TARGET = 14.5;
				MTL_ENABLE_DEBUG_INFO = NO;
				MTL_FAST_MATH = YES;
				SDKROOT = iphoneos;
				SWIFT_COMPILATION_MODE = wholemodule;
				SWIFT_OPTIMIZATION_LEVEL = "-O";
				VALIDATE_PRODUCT = YES;
			};
			name = Release;
		};
		FC3F53D8269FB9FD00B995A6 /* Debug */ = {
			isa = XCBuildConfiguration;
			baseConfigurationReference = D62BF1C0662134BD5EE44B70 /* Pods-schedule_day.debug.xcconfig */;
			buildSettings = {
				ASSETCATALOG_COMPILER_APPICON_NAME = AppIcon;
				ASSETCATALOG_COMPILER_GLOBAL_ACCENT_COLOR_NAME = AccentColor;
				CODE_SIGN_STYLE = Automatic;
				DEVELOPMENT_ASSET_PATHS = "\"schedule_day/Preview Content\"";
				DEVELOPMENT_TEAM = V88L6AR4M4;
				ENABLE_PREVIEWS = YES;
				INFOPLIST_FILE = schedule_day/Info.plist;
				IPHONEOS_DEPLOYMENT_TARGET = 14.0;
				LD_RUNPATH_SEARCH_PATHS = (
					"$(inherited)",
					"@executable_path/Frameworks",
				);
				PRODUCT_BUNDLE_IDENTIFIER = "com.dhruv.schedule-day";
				PRODUCT_NAME = "$(TARGET_NAME)";
				SWIFT_VERSION = 5.0;
				TARGETED_DEVICE_FAMILY = "1,2";
			};
			name = Debug;
		};
		FC3F53D9269FB9FD00B995A6 /* Release */ = {
			isa = XCBuildConfiguration;
			baseConfigurationReference = F7DEC1441225A0A332C59954 /* Pods-schedule_day.release.xcconfig */;
			buildSettings = {
				ASSETCATALOG_COMPILER_APPICON_NAME = AppIcon;
				ASSETCATALOG_COMPILER_GLOBAL_ACCENT_COLOR_NAME = AccentColor;
				CODE_SIGN_STYLE = Automatic;
				DEVELOPMENT_ASSET_PATHS = "\"schedule_day/Preview Content\"";
				DEVELOPMENT_TEAM = V88L6AR4M4;
				ENABLE_PREVIEWS = YES;
				INFOPLIST_FILE = schedule_day/Info.plist;
				IPHONEOS_DEPLOYMENT_TARGET = 14.0;
				LD_RUNPATH_SEARCH_PATHS = (
					"$(inherited)",
					"@executable_path/Frameworks",
				);
				PRODUCT_BUNDLE_IDENTIFIER = "com.dhruv.schedule-day";
				PRODUCT_NAME = "$(TARGET_NAME)";
				SWIFT_VERSION = 5.0;
				TARGETED_DEVICE_FAMILY = "1,2";
			};
			name = Release;
		};
/* End XCBuildConfiguration section */

/* Begin XCConfigurationList section */
		FC3F53C3269FB9FB00B995A6 /* Build configuration list for PBXProject "schedule_day" */ = {
			isa = XCConfigurationList;
			buildConfigurations = (
				FC3F53D5269FB9FD00B995A6 /* Debug */,
				FC3F53D6269FB9FD00B995A6 /* Release */,
			);
			defaultConfigurationIsVisible = 0;
			defaultConfigurationName = Release;
		};
		FC3F53D7269FB9FD00B995A6 /* Build configuration list for PBXNativeTarget "schedule_day" */ = {
			isa = XCConfigurationList;
			buildConfigurations = (
				FC3F53D8269FB9FD00B995A6 /* Debug */,
				FC3F53D9269FB9FD00B995A6 /* Release */,
			);
			defaultConfigurationIsVisible = 0;
			defaultConfigurationName = Release;
		};
/* End XCConfigurationList section */
	};
	rootObject = FC3F53C0269FB9FB00B995A6 /* Project object */;
}
